github.com/jessjenkins/jjs v0.0.0-20220819230604-127972eae352 h1:1XujEcTXmRYwS4uV0U7UuX5pEdfqSfPqxGM7FhCueok=
github.com/jessjenkins/jjs v0.0.0-20220819230604-127972eae352/go.mod h1:EZROOfxtexnCRcxuTcmrShNpHmUnENcnAvPD4PN7+vw=
github.com/jessjenkins/jjs v0.0.1 h1:facua6XwqPPdb7y7+Mkufk+SDRYFw/xcXMAZ0rZowoM=
github.com/jessjenkins/jjs v0.0.1/go.mod h1:EZROOfxtexnCRcxuTcmrShNpHmUnENcnAvPD4PN7+vw=
